// !$*UTF8*$!
{
	archiveVersion = 1;
	classes = {
	};
	objectVersion = 46;
	objects = {

/* Begin PBXBuildFile section */
		6D13572C1C8544FC00D4C327 /* MediaFullScreenViewController.m in Sources */ = {isa = PBXBuildFile; fileRef = 6D13572B1C8544FC00D4C327 /* MediaFullScreenViewController.m */; };
		6D13572F1C933E8F00D4C327 /* CircleSpinnerView.m in Sources */ = {isa = PBXBuildFile; fileRef = 6D13572E1C933E8F00D4C327 /* CircleSpinnerView.m */; };
		6D1357321C93783600D4C327 /* LikeButton.m in Sources */ = {isa = PBXBuildFile; fileRef = 6D1357311C93783600D4C327 /* LikeButton.m */; };
		6D83A1C11CA6F8FD002209D9 /* ComposeCommentView.m in Sources */ = {isa = PBXBuildFile; fileRef = 6D83A1C01CA6F8FD002209D9 /* ComposeCommentView.m */; };
		6D83F38B1C5FF427003D4954 /* LoginViewController.m in Sources */ = {isa = PBXBuildFile; fileRef = 6D83F38A1C5FF427003D4954 /* LoginViewController.m */; };
		6DFF246F1C449A3300D81F6E /* main.m in Sources */ = {isa = PBXBuildFile; fileRef = 6DFF246E1C449A3300D81F6E /* main.m */; };
		6DFF24721C449A3300D81F6E /* AppDelegate.m in Sources */ = {isa = PBXBuildFile; fileRef = 6DFF24711C449A3300D81F6E /* AppDelegate.m */; };
		6DFF247A1C449A3300D81F6E /* Images.xcassets in Resources */ = {isa = PBXBuildFile; fileRef = 6DFF24791C449A3300D81F6E /* Images.xcassets */; };
		6DFF247D1C449A3300D81F6E /* LaunchScreen.xib in Resources */ = {isa = PBXBuildFile; fileRef = 6DFF247B1C449A3300D81F6E /* LaunchScreen.xib */; };
		6DFF24891C449A3300D81F6E /* BlocstagramTests.m in Sources */ = {isa = PBXBuildFile; fileRef = 6DFF24881C449A3300D81F6E /* BlocstagramTests.m */; };
		6DFF250E1C45F09A00D81F6E /* ImagesTableViewController.m in Sources */ = {isa = PBXBuildFile; fileRef = 6DFF250D1C45F09A00D81F6E /* ImagesTableViewController.m */; };
		6DFF25191C47456300D81F6E /* 1.jpg in Resources */ = {isa = PBXBuildFile; fileRef = 6DFF250F1C47456300D81F6E /* 1.jpg */; };
		6DFF251A1C47456300D81F6E /* 2.jpg in Resources */ = {isa = PBXBuildFile; fileRef = 6DFF25101C47456300D81F6E /* 2.jpg */; };
		6DFF251B1C47456300D81F6E /* 3.jpg in Resources */ = {isa = PBXBuildFile; fileRef = 6DFF25111C47456300D81F6E /* 3.jpg */; };
		6DFF251C1C47456300D81F6E /* 4.jpg in Resources */ = {isa = PBXBuildFile; fileRef = 6DFF25121C47456300D81F6E /* 4.jpg */; };
		6DFF251D1C47456300D81F6E /* 5.jpg in Resources */ = {isa = PBXBuildFile; fileRef = 6DFF25131C47456300D81F6E /* 5.jpg */; };
		6DFF251E1C47456300D81F6E /* 6.jpg in Resources */ = {isa = PBXBuildFile; fileRef = 6DFF25141C47456300D81F6E /* 6.jpg */; };
		6DFF251F1C47456300D81F6E /* 7.jpg in Resources */ = {isa = PBXBuildFile; fileRef = 6DFF25151C47456300D81F6E /* 7.jpg */; };
		6DFF25201C47456300D81F6E /* 8.jpg in Resources */ = {isa = PBXBuildFile; fileRef = 6DFF25161C47456300D81F6E /* 8.jpg */; };
		6DFF25211C47456300D81F6E /* 9.jpg in Resources */ = {isa = PBXBuildFile; fileRef = 6DFF25171C47456300D81F6E /* 9.jpg */; };
		6DFF25221C47456300D81F6E /* 10.jpg in Resources */ = {isa = PBXBuildFile; fileRef = 6DFF25181C47456300D81F6E /* 10.jpg */; };
		6DFF25251C48943800D81F6E /* User.m in Sources */ = {isa = PBXBuildFile; fileRef = 6DFF25241C48943800D81F6E /* User.m */; };
		6DFF25281C48962D00D81F6E /* Media.m in Sources */ = {isa = PBXBuildFile; fileRef = 6DFF25271C48962D00D81F6E /* Media.m */; };
		6DFF252B1C48976F00D81F6E /* Comment.m in Sources */ = {isa = PBXBuildFile; fileRef = 6DFF252A1C48976F00D81F6E /* Comment.m */; };
		6DFF252E1C48987200D81F6E /* DataSource.m in Sources */ = {isa = PBXBuildFile; fileRef = 6DFF252D1C48987200D81F6E /* DataSource.m */; };
		6DFF25311C496F8300D81F6E /* MediaTableViewCell.m in Sources */ = {isa = PBXBuildFile; fileRef = 6DFF25301C496F8300D81F6E /* MediaTableViewCell.m */; };
		BF28618E7D542A6C42E8FC0A /* libPods.a in Frameworks */ = {isa = PBXBuildFile; fileRef = 3A8E17CC8097AB593EC1AEDF /* libPods.a */; };
/* End PBXBuildFile section */

/* Begin PBXContainerItemProxy section */
		6DFF24831C449A3300D81F6E /* PBXContainerItemProxy */ = {
			isa = PBXContainerItemProxy;
			containerPortal = 6DFF24611C449A3300D81F6E /* Project object */;
			proxyType = 1;
			remoteGlobalIDString = 6DFF24681C449A3300D81F6E;
			remoteInfo = Blocstagram;
		};
/* End PBXContainerItemProxy section */

/* Begin PBXFileReference section */
		3A8E17CC8097AB593EC1AEDF /* libPods.a */ = {isa = PBXFileReference; explicitFileType = archive.ar; includeInIndex = 0; path = libPods.a; sourceTree = BUILT_PRODUCTS_DIR; };
		42361D5624E8000DDEA200AC /* Pods.debug.xcconfig */ = {isa = PBXFileReference; includeInIndex = 1; lastKnownFileType = text.xcconfig; name = Pods.debug.xcconfig; path = "Pods/Target Support Files/Pods/Pods.debug.xcconfig"; sourceTree = "<group>"; };
		6D13572A1C8544FC00D4C327 /* MediaFullScreenViewController.h */ = {isa = PBXFileReference; fileEncoding = 4; lastKnownFileType = sourcecode.c.h; path = MediaFullScreenViewController.h; sourceTree = "<group>"; };
		6D13572B1C8544FC00D4C327 /* MediaFullScreenViewController.m */ = {isa = PBXFileReference; fileEncoding = 4; lastKnownFileType = sourcecode.c.objc; path = MediaFullScreenViewController.m; sourceTree = "<group>"; };
		6D13572D1C933E8F00D4C327 /* CircleSpinnerView.h */ = {isa = PBXFileReference; fileEncoding = 4; lastKnownFileType = sourcecode.c.h; path = CircleSpinnerView.h; sourceTree = "<group>"; };
		6D13572E1C933E8F00D4C327 /* CircleSpinnerView.m */ = {isa = PBXFileReference; fileEncoding = 4; lastKnownFileType = sourcecode.c.objc; path = CircleSpinnerView.m; sourceTree = "<group>"; };
		6D1357301C93783600D4C327 /* LikeButton.h */ = {isa = PBXFileReference; fileEncoding = 4; lastKnownFileType = sourcecode.c.h; path = LikeButton.h; sourceTree = "<group>"; };
		6D1357311C93783600D4C327 /* LikeButton.m */ = {isa = PBXFileReference; fileEncoding = 4; lastKnownFileType = sourcecode.c.objc; path = LikeButton.m; sourceTree = "<group>"; };
		6D83A1BF1CA6F8FD002209D9 /* ComposeCommentView.h */ = {isa = PBXFileReference; fileEncoding = 4; lastKnownFileType = sourcecode.c.h; path = ComposeCommentView.h; sourceTree = "<group>"; };
		6D83A1C01CA6F8FD002209D9 /* ComposeCommentView.m */ = {isa = PBXFileReference; fileEncoding = 4; lastKnownFileType = sourcecode.c.objc; path = ComposeCommentView.m; sourceTree = "<group>"; };
		6D83F3891C5FF427003D4954 /* LoginViewController.h */ = {isa = PBXFileReference; fileEncoding = 4; lastKnownFileType = sourcecode.c.h; path = LoginViewController.h; sourceTree = "<group>"; };
		6D83F38A1C5FF427003D4954 /* LoginViewController.m */ = {isa = PBXFileReference; fileEncoding = 4; lastKnownFileType = sourcecode.c.objc; path = LoginViewController.m; sourceTree = "<group>"; };
		6DFF24691C449A3300D81F6E /* Blocstagram.app */ = {isa = PBXFileReference; explicitFileType = wrapper.application; includeInIndex = 0; path = Blocstagram.app; sourceTree = BUILT_PRODUCTS_DIR; };
		6DFF246D1C449A3300D81F6E /* Info.plist */ = {isa = PBXFileReference; lastKnownFileType = text.plist.xml; path = Info.plist; sourceTree = "<group>"; };
		6DFF246E1C449A3300D81F6E /* main.m */ = {isa = PBXFileReference; lastKnownFileType = sourcecode.c.objc; path = main.m; sourceTree = "<group>"; };
		6DFF24701C449A3300D81F6E /* AppDelegate.h */ = {isa = PBXFileReference; lastKnownFileType = sourcecode.c.h; path = AppDelegate.h; sourceTree = "<group>"; };
		6DFF24711C449A3300D81F6E /* AppDelegate.m */ = {isa = PBXFileReference; lastKnownFileType = sourcecode.c.objc; path = AppDelegate.m; sourceTree = "<group>"; };
		6DFF24791C449A3300D81F6E /* Images.xcassets */ = {isa = PBXFileReference; lastKnownFileType = folder.assetcatalog; path = Images.xcassets; sourceTree = "<group>"; };
		6DFF247C1C449A3300D81F6E /* Base */ = {isa = PBXFileReference; lastKnownFileType = file.xib; name = Base; path = Base.lproj/LaunchScreen.xib; sourceTree = "<group>"; };
		6DFF24821C449A3300D81F6E /* BlocstagramTests.xctest */ = {isa = PBXFileReference; explicitFileType = wrapper.cfbundle; includeInIndex = 0; path = BlocstagramTests.xctest; sourceTree = BUILT_PRODUCTS_DIR; };
		6DFF24871C449A3300D81F6E /* Info.plist */ = {isa = PBXFileReference; lastKnownFileType = text.plist.xml; path = Info.plist; sourceTree = "<group>"; };
		6DFF24881C449A3300D81F6E /* BlocstagramTests.m */ = {isa = PBXFileReference; lastKnownFileType = sourcecode.c.objc; path = BlocstagramTests.m; sourceTree = "<group>"; };
		6DFF250C1C45F09A00D81F6E /* ImagesTableViewController.h */ = {isa = PBXFileReference; fileEncoding = 4; lastKnownFileType = sourcecode.c.h; path = ImagesTableViewController.h; sourceTree = "<group>"; };
		6DFF250D1C45F09A00D81F6E /* ImagesTableViewController.m */ = {isa = PBXFileReference; fileEncoding = 4; lastKnownFileType = sourcecode.c.objc; path = ImagesTableViewController.m; sourceTree = "<group>"; };
		6DFF250F1C47456300D81F6E /* 1.jpg */ = {isa = PBXFileReference; lastKnownFileType = image.jpeg; path = 1.jpg; sourceTree = "<group>"; };
		6DFF25101C47456300D81F6E /* 2.jpg */ = {isa = PBXFileReference; lastKnownFileType = image.jpeg; path = 2.jpg; sourceTree = "<group>"; };
		6DFF25111C47456300D81F6E /* 3.jpg */ = {isa = PBXFileReference; lastKnownFileType = image.jpeg; path = 3.jpg; sourceTree = "<group>"; };
		6DFF25121C47456300D81F6E /* 4.jpg */ = {isa = PBXFileReference; lastKnownFileType = image.jpeg; path = 4.jpg; sourceTree = "<group>"; };
		6DFF25131C47456300D81F6E /* 5.jpg */ = {isa = PBXFileReference; lastKnownFileType = image.jpeg; path = 5.jpg; sourceTree = "<group>"; };
		6DFF25141C47456300D81F6E /* 6.jpg */ = {isa = PBXFileReference; lastKnownFileType = image.jpeg; path = 6.jpg; sourceTree = "<group>"; };
		6DFF25151C47456300D81F6E /* 7.jpg */ = {isa = PBXFileReference; lastKnownFileType = image.jpeg; path = 7.jpg; sourceTree = "<group>"; };
		6DFF25161C47456300D81F6E /* 8.jpg */ = {isa = PBXFileReference; lastKnownFileType = image.jpeg; path = 8.jpg; sourceTree = "<group>"; };
		6DFF25171C47456300D81F6E /* 9.jpg */ = {isa = PBXFileReference; lastKnownFileType = image.jpeg; path = 9.jpg; sourceTree = "<group>"; };
		6DFF25181C47456300D81F6E /* 10.jpg */ = {isa = PBXFileReference; lastKnownFileType = image.jpeg; path = 10.jpg; sourceTree = "<group>"; };
		6DFF25231C48943800D81F6E /* User.h */ = {isa = PBXFileReference; fileEncoding = 4; lastKnownFileType = sourcecode.c.h; path = User.h; sourceTree = "<group>"; };
		6DFF25241C48943800D81F6E /* User.m */ = {isa = PBXFileReference; fileEncoding = 4; lastKnownFileType = sourcecode.c.objc; path = User.m; sourceTree = "<group>"; };
		6DFF25261C48962D00D81F6E /* Media.h */ = {isa = PBXFileReference; fileEncoding = 4; lastKnownFileType = sourcecode.c.h; path = Media.h; sourceTree = "<group>"; };
		6DFF25271C48962D00D81F6E /* Media.m */ = {isa = PBXFileReference; fileEncoding = 4; lastKnownFileType = sourcecode.c.objc; path = Media.m; sourceTree = "<group>"; };
		6DFF25291C48976F00D81F6E /* Comment.h */ = {isa = PBXFileReference; fileEncoding = 4; lastKnownFileType = sourcecode.c.h; path = Comment.h; sourceTree = "<group>"; };
		6DFF252A1C48976F00D81F6E /* Comment.m */ = {isa = PBXFileReference; fileEncoding = 4; lastKnownFileType = sourcecode.c.objc; path = Comment.m; sourceTree = "<group>"; };
		6DFF252C1C48987200D81F6E /* DataSource.h */ = {isa = PBXFileReference; fileEncoding = 4; lastKnownFileType = sourcecode.c.h; path = DataSource.h; sourceTree = "<group>"; };
		6DFF252D1C48987200D81F6E /* DataSource.m */ = {isa = PBXFileReference; fileEncoding = 4; lastKnownFileType = sourcecode.c.objc; path = DataSource.m; sourceTree = "<group>"; };
		6DFF252F1C496F8300D81F6E /* MediaTableViewCell.h */ = {isa = PBXFileReference; fileEncoding = 4; lastKnownFileType = sourcecode.c.h; path = MediaTableViewCell.h; sourceTree = "<group>"; };
		6DFF25301C496F8300D81F6E /* MediaTableViewCell.m */ = {isa = PBXFileReference; fileEncoding = 4; lastKnownFileType = sourcecode.c.objc; path = MediaTableViewCell.m; sourceTree = "<group>"; };
		C3DB7635DAFC9D77E5693A60 /* Pods.release.xcconfig */ = {isa = PBXFileReference; includeInIndex = 1; lastKnownFileType = text.xcconfig; name = Pods.release.xcconfig; path = "Pods/Target Support Files/Pods/Pods.release.xcconfig"; sourceTree = "<group>"; };
/* End PBXFileReference section */

/* Begin PBXFrameworksBuildPhase section */
		6DFF24661C449A3300D81F6E /* Frameworks */ = {
			isa = PBXFrameworksBuildPhase;
			buildActionMask = 2147483647;
			files = (
				BF28618E7D542A6C42E8FC0A /* libPods.a in Frameworks */,
			);
			runOnlyForDeploymentPostprocessing = 0;
		};
		6DFF247F1C449A3300D81F6E /* Frameworks */ = {
			isa = PBXFrameworksBuildPhase;
			buildActionMask = 2147483647;
			files = (
			);
			runOnlyForDeploymentPostprocessing = 0;
		};
/* End PBXFrameworksBuildPhase section */

/* Begin PBXGroup section */
		6DFF24601C449A3300D81F6E = {
			isa = PBXGroup;
			children = (
				6DFF246B1C449A3300D81F6E /* Blocstagram */,
				6DFF24851C449A3300D81F6E /* BlocstagramTests */,
				6DFF246A1C449A3300D81F6E /* Products */,
				9C52CA4342F9D1D7B00E2079 /* Pods */,
				F9330BF1779566ABAD1B2324 /* Frameworks */,
			);
			sourceTree = "<group>";
		};
		6DFF246A1C449A3300D81F6E /* Products */ = {
			isa = PBXGroup;
			children = (
				6DFF24691C449A3300D81F6E /* Blocstagram.app */,
				6DFF24821C449A3300D81F6E /* BlocstagramTests.xctest */,
			);
			name = Products;
			sourceTree = "<group>";
		};
		6DFF246B1C449A3300D81F6E /* Blocstagram */ = {
			isa = PBXGroup;
			children = (
				6DFF24F61C44A53700D81F6E /* Images */,
				6DFF24701C449A3300D81F6E /* AppDelegate.h */,
				6DFF24711C449A3300D81F6E /* AppDelegate.m */,
				6DFF24791C449A3300D81F6E /* Images.xcassets */,
				6DFF247B1C449A3300D81F6E /* LaunchScreen.xib */,
				6DFF246C1C449A3300D81F6E /* Supporting Files */,
				6DFF250C1C45F09A00D81F6E /* ImagesTableViewController.h */,
				6DFF250D1C45F09A00D81F6E /* ImagesTableViewController.m */,
				6DFF252F1C496F8300D81F6E /* MediaTableViewCell.h */,
				6DFF25301C496F8300D81F6E /* MediaTableViewCell.m */,
				6DFF25231C48943800D81F6E /* User.h */,
				6DFF25261C48962D00D81F6E /* Media.h */,
				6DFF25291C48976F00D81F6E /* Comment.h */,
				6DFF252A1C48976F00D81F6E /* Comment.m */,
				6DFF252C1C48987200D81F6E /* DataSource.h */,
				6DFF252D1C48987200D81F6E /* DataSource.m */,
				6DFF25271C48962D00D81F6E /* Media.m */,
				6DFF25241C48943800D81F6E /* User.m */,
				6D13572A1C8544FC00D4C327 /* MediaFullScreenViewController.h */,
				6D13572B1C8544FC00D4C327 /* MediaFullScreenViewController.m */,
				6D13572D1C933E8F00D4C327 /* CircleSpinnerView.h */,
				6D13572E1C933E8F00D4C327 /* CircleSpinnerView.m */,
				6D1357301C93783600D4C327 /* LikeButton.h */,
				6D1357311C93783600D4C327 /* LikeButton.m */,
				6D83A1BF1CA6F8FD002209D9 /* ComposeCommentView.h */,
				6D83A1C01CA6F8FD002209D9 /* ComposeCommentView.m */,
			);
			path = Blocstagram;
			sourceTree = "<group>";
		};
		6DFF246C1C449A3300D81F6E /* Supporting Files */ = {
			isa = PBXGroup;
			children = (
				6DFF246D1C449A3300D81F6E /* Info.plist */,
				6DFF246E1C449A3300D81F6E /* main.m */,
				6D83F3891C5FF427003D4954 /* LoginViewController.h */,
				6D83F38A1C5FF427003D4954 /* LoginViewController.m */,
			);
			name = "Supporting Files";
			sourceTree = "<group>";
		};
		6DFF24851C449A3300D81F6E /* BlocstagramTests */ = {
			isa = PBXGroup;
			children = (
				6DFF24881C449A3300D81F6E /* BlocstagramTests.m */,
				6DFF24861C449A3300D81F6E /* Supporting Files */,
			);
			path = BlocstagramTests;
			sourceTree = "<group>";
		};
		6DFF24861C449A3300D81F6E /* Supporting Files */ = {
			isa = PBXGroup;
			children = (
				6DFF24871C449A3300D81F6E /* Info.plist */,
			);
			name = "Supporting Files";
			sourceTree = "<group>";
		};
		6DFF24F61C44A53700D81F6E /* Images */ = {
			isa = PBXGroup;
			children = (
				6DFF250F1C47456300D81F6E /* 1.jpg */,
				6DFF25101C47456300D81F6E /* 2.jpg */,
				6DFF25111C47456300D81F6E /* 3.jpg */,
				6DFF25121C47456300D81F6E /* 4.jpg */,
				6DFF25131C47456300D81F6E /* 5.jpg */,
				6DFF25141C47456300D81F6E /* 6.jpg */,
				6DFF25151C47456300D81F6E /* 7.jpg */,
				6DFF25161C47456300D81F6E /* 8.jpg */,
				6DFF25171C47456300D81F6E /* 9.jpg */,
				6DFF25181C47456300D81F6E /* 10.jpg */,
			);
			name = Images;
			sourceTree = "<group>";
		};
		9C52CA4342F9D1D7B00E2079 /* Pods */ = {
			isa = PBXGroup;
			children = (
				42361D5624E8000DDEA200AC /* Pods.debug.xcconfig */,
				C3DB7635DAFC9D77E5693A60 /* Pods.release.xcconfig */,
			);
			name = Pods;
			sourceTree = "<group>";
		};
		F9330BF1779566ABAD1B2324 /* Frameworks */ = {
			isa = PBXGroup;
			children = (
				3A8E17CC8097AB593EC1AEDF /* libPods.a */,
			);
			name = Frameworks;
			sourceTree = "<group>";
		};
/* End PBXGroup section */

/* Begin PBXNativeTarget section */
		6DFF24681C449A3300D81F6E /* Blocstagram */ = {
			isa = PBXNativeTarget;
			buildConfigurationList = 6DFF248C1C449A3300D81F6E /* Build configuration list for PBXNativeTarget "Blocstagram" */;
			buildPhases = (
				0F810DBB57555250E78AD1DF /* Check Pods Manifest.lock */,
				6DFF24651C449A3300D81F6E /* Sources */,
				6DFF24661C449A3300D81F6E /* Frameworks */,
				6DFF24671C449A3300D81F6E /* Resources */,
				D961D34A22A0B248CD76FBD7 /* Embed Pods Frameworks */,
				285AA0E53A4FA15CE470E649 /* Copy Pods Resources */,
			);
			buildRules = (
			);
			dependencies = (
			);
			name = Blocstagram;
			productName = Blocstagram;
			productReference = 6DFF24691C449A3300D81F6E /* Blocstagram.app */;
			productType = "com.apple.product-type.application";
		};
		6DFF24811C449A3300D81F6E /* BlocstagramTests */ = {
			isa = PBXNativeTarget;
			buildConfigurationList = 6DFF248F1C449A3300D81F6E /* Build configuration list for PBXNativeTarget "BlocstagramTests" */;
			buildPhases = (
				6DFF247E1C449A3300D81F6E /* Sources */,
				6DFF247F1C449A3300D81F6E /* Frameworks */,
				6DFF24801C449A3300D81F6E /* Resources */,
			);
			buildRules = (
			);
			dependencies = (
				6DFF24841C449A3300D81F6E /* PBXTargetDependency */,
			);
			name = BlocstagramTests;
			productName = BlocstagramTests;
			productReference = 6DFF24821C449A3300D81F6E /* BlocstagramTests.xctest */;
			productType = "com.apple.product-type.bundle.unit-test";
		};
/* End PBXNativeTarget section */

/* Begin PBXProject section */
		6DFF24611C449A3300D81F6E /* Project object */ = {
			isa = PBXProject;
			attributes = {
				LastUpgradeCheck = 0640;
				ORGANIZATIONNAME = PeterTanner;
				TargetAttributes = {
					6DFF24681C449A3300D81F6E = {
						CreatedOnToolsVersion = 6.4;
					};
					6DFF24811C449A3300D81F6E = {
						CreatedOnToolsVersion = 6.4;
						TestTargetID = 6DFF24681C449A3300D81F6E;
					};
				};
			};
			buildConfigurationList = 6DFF24641C449A3300D81F6E /* Build configuration list for PBXProject "Blocstagram" */;
			compatibilityVersion = "Xcode 3.2";
			developmentRegion = English;
			hasScannedForEncodings = 0;
			knownRegions = (
				en,
				Base,
			);
			mainGroup = 6DFF24601C449A3300D81F6E;
			productRefGroup = 6DFF246A1C449A3300D81F6E /* Products */;
			projectDirPath = "";
			projectRoot = "";
			targets = (
				6DFF24681C449A3300D81F6E /* Blocstagram */,
				6DFF24811C449A3300D81F6E /* BlocstagramTests */,
			);
		};
/* End PBXProject section */

/* Begin PBXResourcesBuildPhase section */
		6DFF24671C449A3300D81F6E /* Resources */ = {
			isa = PBXResourcesBuildPhase;
			buildActionMask = 2147483647;
			files = (
				6DFF25211C47456300D81F6E /* 9.jpg in Resources */,
				6DFF25201C47456300D81F6E /* 8.jpg in Resources */,
				6DFF251C1C47456300D81F6E /* 4.jpg in Resources */,
				6DFF251B1C47456300D81F6E /* 3.jpg in Resources */,
				6DFF251E1C47456300D81F6E /* 6.jpg in Resources */,
				6DFF25191C47456300D81F6E /* 1.jpg in Resources */,
				6DFF247D1C449A3300D81F6E /* LaunchScreen.xib in Resources */,
				6DFF251D1C47456300D81F6E /* 5.jpg in Resources */,
				6DFF251F1C47456300D81F6E /* 7.jpg in Resources */,
				6DFF251A1C47456300D81F6E /* 2.jpg in Resources */,
				6DFF25221C47456300D81F6E /* 10.jpg in Resources */,
				6DFF247A1C449A3300D81F6E /* Images.xcassets in Resources */,
			);
			runOnlyForDeploymentPostprocessing = 0;
		};
		6DFF24801C449A3300D81F6E /* Resources */ = {
			isa = PBXResourcesBuildPhase;
			buildActionMask = 2147483647;
			files = (
			);
			runOnlyForDeploymentPostprocessing = 0;
		};
/* End PBXResourcesBuildPhase section */

/* Begin PBXShellScriptBuildPhase section */
		0F810DBB57555250E78AD1DF /* Check Pods Manifest.lock */ = {
			isa = PBXShellScriptBuildPhase;
			buildActionMask = 2147483647;
			files = (
			);
			inputPaths = (
			);
			name = "Check Pods Manifest.lock";
			outputPaths = (
			);
			runOnlyForDeploymentPostprocessing = 0;
			shellPath = /bin/sh;
			shellScript = "diff \"${PODS_ROOT}/../Podfile.lock\" \"${PODS_ROOT}/Manifest.lock\" > /dev/null\nif [[ $? != 0 ]] ; then\n    cat << EOM\nerror: The sandbox is not in sync with the Podfile.lock. Run 'pod install' or update your CocoaPods installation.\nEOM\n    exit 1\nfi\n";
			showEnvVarsInLog = 0;
		};
		285AA0E53A4FA15CE470E649 /* Copy Pods Resources */ = {
			isa = PBXShellScriptBuildPhase;
			buildActionMask = 2147483647;
			files = (
			);
			inputPaths = (
			);
			name = "Copy Pods Resources";
			outputPaths = (
			);
			runOnlyForDeploymentPostprocessing = 0;
			shellPath = /bin/sh;
			shellScript = "\"${SRCROOT}/Pods/Target Support Files/Pods/Pods-resources.sh\"\n";
			showEnvVarsInLog = 0;
		};
		D961D34A22A0B248CD76FBD7 /* Embed Pods Frameworks */ = {
			isa = PBXShellScriptBuildPhase;
			buildActionMask = 2147483647;
			files = (
			);
			inputPaths = (
			);
			name = "Embed Pods Frameworks";
			outputPaths = (
			);
			runOnlyForDeploymentPostprocessing = 0;
			shellPath = /bin/sh;
			shellScript = "\"${SRCROOT}/Pods/Target Support Files/Pods/Pods-frameworks.sh\"\n";
			showEnvVarsInLog = 0;
		};
/* End PBXShellScriptBuildPhase section */

/* Begin PBXSourcesBuildPhase section */
		6DFF24651C449A3300D81F6E /* Sources */ = {
			isa = PBXSourcesBuildPhase;
			buildActionMask = 2147483647;
			files = (
				6D13572C1C8544FC00D4C327 /* MediaFullScreenViewController.m in Sources */,
				6D13572F1C933E8F00D4C327 /* CircleSpinnerView.m in Sources */,
				6DFF25251C48943800D81F6E /* User.m in Sources */,
				6DFF252B1C48976F00D81F6E /* Comment.m in Sources */,
				6DFF25311C496F8300D81F6E /* MediaTableViewCell.m in Sources */,
				6DFF25281C48962D00D81F6E /* Media.m in Sources */,
				6DFF24721C449A3300D81F6E /* AppDelegate.m in Sources */,
				6D83F38B1C5FF427003D4954 /* LoginViewController.m in Sources */,
				6D1357321C93783600D4C327 /* LikeButton.m in Sources */,
				6DFF252E1C48987200D81F6E /* DataSource.m in Sources */,
				6D83A1C11CA6F8FD002209D9 /* ComposeCommentView.m in Sources */,
				6DFF246F1C449A3300D81F6E /* main.m in Sources */,
				6DFF250E1C45F09A00D81F6E /* ImagesTableViewController.m in Sources */,
			);
			runOnlyForDeploymentPostprocessing = 0;
		};
		6DFF247E1C449A3300D81F6E /* Sources */ = {
			isa = PBXSourcesBuildPhase;
			buildActionMask = 2147483647;
			files = (
				6DFF24891C449A3300D81F6E /* BlocstagramTests.m in Sources */,
			);
			runOnlyForDeploymentPostprocessing = 0;
		};
/* End PBXSourcesBuildPhase section */

/* Begin PBXTargetDependency section */
		6DFF24841C449A3300D81F6E /* PBXTargetDependency */ = {
			isa = PBXTargetDependency;
			target = 6DFF24681C449A3300D81F6E /* Blocstagram */;
			targetProxy = 6DFF24831C449A3300D81F6E /* PBXContainerItemProxy */;
		};
/* End PBXTargetDependency section */

/* Begin PBXVariantGroup section */
		6DFF247B1C449A3300D81F6E /* LaunchScreen.xib */ = {
			isa = PBXVariantGroup;
			children = (
				6DFF247C1C449A3300D81F6E /* Base */,
			);
			name = LaunchScreen.xib;
			sourceTree = "<group>";
		};
/* End PBXVariantGroup section */

/* Begin XCBuildConfiguration section */
		6DFF248A1C449A3300D81F6E /* Debug */ = {
			isa = XCBuildConfiguration;
			buildSettings = {
				ALWAYS_SEARCH_USER_PATHS = NO;
				CLANG_CXX_LANGUAGE_STANDARD = "gnu++0x";
				CLANG_CXX_LIBRARY = "libc++";
				CLANG_ENABLE_MODULES = YES;
				CLANG_ENABLE_OBJC_ARC = YES;
				CLANG_WARN_BOOL_CONVERSION = YES;
				CLANG_WARN_CONSTANT_CONVERSION = YES;
				CLANG_WARN_DIRECT_OBJC_ISA_USAGE = YES_ERROR;
				CLANG_WARN_EMPTY_BODY = YES;
				CLANG_WARN_ENUM_CONVERSION = YES;
				CLANG_WARN_INT_CONVERSION = YES;
				CLANG_WARN_OBJC_ROOT_CLASS = YES_ERROR;
				CLANG_WARN_UNREACHABLE_CODE = YES;
				CLANG_WARN__DUPLICATE_METHOD_MATCH = YES;
				"CODE_SIGN_IDENTITY[sdk=iphoneos*]" = "iPhone Developer";
				COPY_PHASE_STRIP = NO;
				DEBUG_INFORMATION_FORMAT = "dwarf-with-dsym";
				ENABLE_STRICT_OBJC_MSGSEND = YES;
				GCC_C_LANGUAGE_STANDARD = gnu99;
				GCC_DYNAMIC_NO_PIC = NO;
				GCC_NO_COMMON_BLOCKS = YES;
				GCC_OPTIMIZATION_LEVEL = 0;
				GCC_PREPROCESSOR_DEFINITIONS = (
					"DEBUG=1",
					"$(inherited)",
				);
				GCC_SYMBOLS_PRIVATE_EXTERN = NO;
				GCC_WARN_64_TO_32_BIT_CONVERSION = YES;
				GCC_WARN_ABOUT_RETURN_TYPE = YES_ERROR;
				GCC_WARN_UNDECLARED_SELECTOR = YES;
				GCC_WARN_UNINITIALIZED_AUTOS = YES_AGGRESSIVE;
				GCC_WARN_UNUSED_FUNCTION = YES;
				GCC_WARN_UNUSED_VARIABLE = YES;
				IPHONEOS_DEPLOYMENT_TARGET = 8.4;
				MTL_ENABLE_DEBUG_INFO = YES;
				ONLY_ACTIVE_ARCH = YES;
				SDKROOT = iphoneos;
				TARGETED_DEVICE_FAMILY = "1,2";
			};
			name = Debug;
		};
		6DFF248B1C449A3300D81F6E /* Release */ = {
			isa = XCBuildConfiguration;
			buildSettings = {
				ALWAYS_SEARCH_USER_PATHS = NO;
				CLANG_CXX_LANGUAGE_STANDARD = "gnu++0x";
				CLANG_CXX_LIBRARY = "libc++";
				CLANG_ENABLE_MODULES = YES;
				CLANG_ENABLE_OBJC_ARC = YES;
				CLANG_WARN_BOOL_CONVERSION = YES;
				CLANG_WARN_CONSTANT_CONVERSION = YES;
				CLANG_WARN_DIRECT_OBJC_ISA_USAGE = YES_ERROR;
				CLANG_WARN_EMPTY_BODY = YES;
				CLANG_WARN_ENUM_CONVERSION = YES;
				CLANG_WARN_INT_CONVERSION = YES;
				CLANG_WARN_OBJC_ROOT_CLASS = YES_ERROR;
				CLANG_WARN_UNREACHABLE_CODE = YES;
				CLANG_WARN__DUPLICATE_METHOD_MATCH = YES;
				"CODE_SIGN_IDENTITY[sdk=iphoneos*]" = "iPhone Developer";
				COPY_PHASE_STRIP = NO;
				DEBUG_INFORMATION_FORMAT = "dwarf-with-dsym";
				ENABLE_NS_ASSERTIONS = NO;
				ENABLE_STRICT_OBJC_MSGSEND = YES;
				GCC_C_LANGUAGE_STANDARD = gnu99;
				GCC_NO_COMMON_BLOCKS = YES;
				GCC_WARN_64_TO_32_BIT_CONVERSION = YES;
				GCC_WARN_ABOUT_RETURN_TYPE = YES_ERROR;
				GCC_WARN_UNDECLARED_SELECTOR = YES;
				GCC_WARN_UNINITIALIZED_AUTOS = YES_AGGRESSIVE;
				GCC_WARN_UNUSED_FUNCTION = YES;
				GCC_WARN_UNUSED_VARIABLE = YES;
				IPHONEOS_DEPLOYMENT_TARGET = 8.4;
				MTL_ENABLE_DEBUG_INFO = NO;
				SDKROOT = iphoneos;
				TARGETED_DEVICE_FAMILY = "1,2";
				VALIDATE_PRODUCT = YES;
			};
			name = Release;
		};
		6DFF248D1C449A3300D81F6E /* Debug */ = {
			isa = XCBuildConfiguration;
			baseConfigurationReference = 42361D5624E8000DDEA200AC /* Pods.debug.xcconfig */;
			buildSettings = {
				ASSETCATALOG_COMPILER_APPICON_NAME = AppIcon;
				INFOPLIST_FILE = Blocstagram/Info.plist;
				LD_RUNPATH_SEARCH_PATHS = "$(inherited) @executable_path/Frameworks";
				PRODUCT_NAME = "$(TARGET_NAME)";
			};
			name = Debug;
		};
		6DFF248E1C449A3300D81F6E /* Release */ = {
			isa = XCBuildConfiguration;
			baseConfigurationReference = C3DB7635DAFC9D77E5693A60 /* Pods.release.xcconfig */;
			buildSettings = {
				ASSETCATALOG_COMPILER_APPICON_NAME = AppIcon;
				INFOPLIST_FILE = Blocstagram/Info.plist;
				LD_RUNPATH_SEARCH_PATHS = "$(inherited) @executable_path/Frameworks";
				PRODUCT_NAME = "$(TARGET_NAME)";
			};
			name = Release;
		};
		6DFF24901C449A3300D81F6E /* Debug */ = {
			isa = XCBuildConfiguration;
			buildSettings = {
				BUNDLE_LOADER = "$(TEST_HOST)";
				FRAMEWORK_SEARCH_PATHS = (
					"$(SDKROOT)/Developer/Library/Frameworks",
					"$(inherited)",
				);
				GCC_PREPROCESSOR_DEFINITIONS = (
					"DEBUG=1",
					"$(inherited)",
				);
				INFOPLIST_FILE = BlocstagramTests/Info.plist;
				LD_RUNPATH_SEARCH_PATHS = "$(inherited) @executable_path/Frameworks @loader_path/Frameworks";
				PRODUCT_NAME = "$(TARGET_NAME)";
				TEST_HOST = "$(BUILT_PRODUCTS_DIR)/Blocstagram.app/Blocstagram";
			};
			name = Debug;
		};
		6DFF24911C449A3300D81F6E /* Release */ = {
			isa = XCBuildConfiguration;
			buildSettings = {
				BUNDLE_LOADER = "$(TEST_HOST)";
				FRAMEWORK_SEARCH_PATHS = (
					"$(SDKROOT)/Developer/Library/Frameworks",
					"$(inherited)",
				);
				INFOPLIST_FILE = BlocstagramTests/Info.plist;
				LD_RUNPATH_SEARCH_PATHS = "$(inherited) @executable_path/Frameworks @loader_path/Frameworks";
				PRODUCT_NAME = "$(TARGET_NAME)";
				TEST_HOST = "$(BUILT_PRODUCTS_DIR)/Blocstagram.app/Blocstagram";
			};
			name = Release;
		};
/* End XCBuildConfiguration section */

/* Begin XCConfigurationList section */
		6DFF24641C449A3300D81F6E /* Build configuration list for PBXProject "Blocstagram" */ = {
			isa = XCConfigurationList;
			buildConfigurations = (
				6DFF248A1C449A3300D81F6E /* Debug */,
				6DFF248B1C449A3300D81F6E /* Release */,
			);
			defaultConfigurationIsVisible = 0;
			defaultConfigurationName = Release;
		};
		6DFF248C1C449A3300D81F6E /* Build configuration list for PBXNativeTarget "Blocstagram" */ = {
			isa = XCConfigurationList;
			buildConfigurations = (
				6DFF248D1C449A3300D81F6E /* Debug */,
				6DFF248E1C449A3300D81F6E /* Release */,
			);
			defaultConfigurationIsVisible = 0;
			defaultConfigurationName = Release;
		};
		6DFF248F1C449A3300D81F6E /* Build configuration list for PBXNativeTarget "BlocstagramTests" */ = {
			isa = XCConfigurationList;
			buildConfigurations = (
				6DFF24901C449A3300D81F6E /* Debug */,
				6DFF24911C449A3300D81F6E /* Release */,
			);
			defaultConfigurationIsVisible = 0;
			defaultConfigurationName = Release;
		};
/* End XCConfigurationList section */
	};
	rootObject = 6DFF24611C449A3300D81F6E /* Project object */;
}
